
Microsoft Visual Studio Solution File, Format Version 12.00
# Visual Studio Version 17
VisualStudioVersion = 17.1.32319.34
MinimumVisualStudioVersion = 10.0.40219.1
Project("{9A19103F-16F7-4668-BE54-9A1E7A4F7556}") = "PersonalFinancialManagement.API", "PersonalFinancialManagement.API\PersonalFinancialManagement.API.csproj", "{538BA3B8-E4AD-4A61-ABE8-EBF05F5F5BAE}"
EndProject
Project("{9A19103F-16F7-4668-BE54-9A1E7A4F7556}") = "PersonalFinancialManagement.Common", "PersonalFinancialManagement.Common\PersonalFinancialManagement.Common.csproj", "{27196D29-14B0-485A-9F78-A63DDF6935BF}"
EndProject
Project("{9A19103F-16F7-4668-BE54-9A1E7A4F7556}") = "PersonalFinancialManagement.Common.Models", "PersonalFinancialManagement.Common.Model\PersonalFinancialManagement.Common.Models.csproj", "{4A875209-2EAD-4BBD-8923-8A42A34CF995}"
EndProject
Project("{9A19103F-16F7-4668-BE54-9A1E7A4F7556}") = "PersonalFinancialManagement.EFCore", "PersonalFinancialManagement.EFCore\PersonalFinancialManagement.EFCore.csproj", "{AC9BFE47-7E25-4B20-A196-9A2E41B5D010}"
EndProject
Project("{9A19103F-16F7-4668-BE54-9A1E7A4F7556}") = "PersonalFinancialManagement.Repositories", "PersonalFinancialManagement.Repositories\PersonalFinancialManagement.Repositories.csproj", "{AD66D54B-0EB5-4461-8D2D-CF14BD148E86}"
EndProject
Project("{9A19103F-16F7-4668-BE54-9A1E7A4F7556}") = "PersonalFinancialManagement.Repositories.XUnitTest", "PersonalFinancialManagement.Repositories.XUnitTest\PersonalFinancialManagement.Repositories.XUnitTest.csproj", "{B3675286-6EF7-4164-A8A9-8D5812751934}"
EndProject
Project("{9A19103F-16F7-4668-BE54-9A1E7A4F7556}") = "PersonalFinancialManagement.Services", "PersonalFinancialManagement.Services\PersonalFinancialManagement.Services.csproj", "{E9C38890-479B-432F-BD37-2746DF710CE0}"
EndProject
Project("{9A19103F-16F7-4668-BE54-9A1E7A4F7556}") = "PersonalFinancialManagement.Services.XUnitTest", "PersonalFinancialManagement.Services.XUnitTest\PersonalFinancialManagement.Services.XUnitTest.csproj", "{77951FFE-38B4-48D9-A969-C64CD230E4A4}"
EndProject
Project("{9A19103F-16F7-4668-BE54-9A1E7A4F7556}") = "PersonalFinancialManagement.Models", "PersonalFinancialManagement.Models\PersonalFinancialManagement.Models.csproj", "{AAF87A3D-31AA-4FAA-978F-A07E4293E372}"
EndProject
Project("{9A19103F-16F7-4668-BE54-9A1E7A4F7556}") = "PersonalFinancialManagement.Services.Excels", "PersonalFinancialManagement.Services.Excels\PersonalFinancialManagement.Services.Excels.csproj", "{11A192DF-D4D8-440D-B943-F988EB58AEEA}"
EndProject
Project("{2150E333-8FDC-42A3-9474-1A3956D46DE8}") = "Auth", "Auth", "{4AC2B0F5-3311-4508-AC45-8E09A71734B6}"
EndProject
Project("{2150E333-8FDC-42A3-9474-1A3956D46DE8}") = "SolutionItems", "SolutionItems", "{97ACDC9D-3D97-4A66-810C-C9C4F117F5E5}"
	ProjectSection(SolutionItems) = preProject
		docker-compose.override.yml = docker-compose.override.yml
		docker-compose.yml = docker-compose.yml
		..\README.md = ..\README.md
	EndProjectSection
EndProject
Global
	GlobalSection(SolutionConfigurationPlatforms) = preSolution
		Debug|Any CPU = Debug|Any CPU
		Release|Any CPU = Release|Any CPU
	EndGlobalSection
	GlobalSection(ProjectConfigurationPlatforms) = postSolution
		{538BA3B8-E4AD-4A61-ABE8-EBF05F5F5BAE}.Debug|Any CPU.ActiveCfg = Debug|Any CPU
		{538BA3B8-E4AD-4A61-ABE8-EBF05F5F5BAE}.Debug|Any CPU.Build.0 = Debug|Any CPU
		{538BA3B8-E4AD-4A61-ABE8-EBF05F5F5BAE}.Release|Any CPU.ActiveCfg = Release|Any CPU
		{538BA3B8-E4AD-4A61-ABE8-EBF05F5F5BAE}.Release|Any CPU.Build.0 = Release|Any CPU
		{27196D29-14B0-485A-9F78-A63DDF6935BF}.Debug|Any CPU.ActiveCfg = Debug|Any CPU
		{27196D29-14B0-485A-9F78-A63DDF6935BF}.Debug|Any CPU.Build.0 = Debug|Any CPU
		{27196D29-14B0-485A-9F78-A63DDF6935BF}.Release|Any CPU.ActiveCfg = Release|Any CPU
		{27196D29-14B0-485A-9F78-A63DDF6935BF}.Release|Any CPU.Build.0 = Release|Any CPU
		{4A875209-2EAD-4BBD-8923-8A42A34CF995}.Debug|Any CPU.ActiveCfg = Debug|Any CPU
		{4A875209-2EAD-4BBD-8923-8A42A34CF995}.Debug|Any CPU.Build.0 = Debug|Any CPU
		{4A875209-2EAD-4BBD-8923-8A42A34CF995}.Release|Any CPU.ActiveCfg = Release|Any CPU
		{4A875209-2EAD-4BBD-8923-8A42A34CF995}.Release|Any CPU.Build.0 = Release|Any CPU
		{AC9BFE47-7E25-4B20-A196-9A2E41B5D010}.Debug|Any CPU.ActiveCfg = Debug|Any CPU
		{AC9BFE47-7E25-4B20-A196-9A2E41B5D010}.Debug|Any CPU.Build.0 = Debug|Any CPU
		{AC9BFE47-7E25-4B20-A196-9A2E41B5D010}.Release|Any CPU.ActiveCfg = Release|Any CPU
		{AC9BFE47-7E25-4B20-A196-9A2E41B5D010}.Release|Any CPU.Build.0 = Release|Any CPU
		{AD66D54B-0EB5-4461-8D2D-CF14BD148E86}.Debug|Any CPU.ActiveCfg = Debug|Any CPU
		{AD66D54B-0EB5-4461-8D2D-CF14BD148E86}.Debug|Any CPU.Build.0 = Debug|Any CPU
		{AD66D54B-0EB5-4461-8D2D-CF14BD148E86}.Release|Any CPU.ActiveCfg = Release|Any CPU
		{AD66D54B-0EB5-4461-8D2D-CF14BD148E86}.Release|Any CPU.Build.0 = Release|Any CPU
		{B3675286-6EF7-4164-A8A9-8D5812751934}.Debug|Any CPU.ActiveCfg = Debug|Any CPU
		{B3675286-6EF7-4164-A8A9-8D5812751934}.Debug|Any CPU.Build.0 = Debug|Any CPU
		{B3675286-6EF7-4164-A8A9-8D5812751934}.Release|Any CPU.ActiveCfg = Release|Any CPU
		{B3675286-6EF7-4164-A8A9-8D5812751934}.Release|Any CPU.Build.0 = Release|Any CPU
		{E9C38890-479B-432F-BD37-2746DF710CE0}.Debug|Any CPU.ActiveCfg = Debug|Any CPU
		{E9C38890-479B-432F-BD37-2746DF710CE0}.Debug|Any CPU.Build.0 = Debug|Any CPU
		{E9C38890-479B-432F-BD37-2746DF710CE0}.Release|Any CPU.ActiveCfg = Release|Any CPU
		{E9C38890-479B-432F-BD37-2746DF710CE0}.Release|Any CPU.Build.0 = Release|Any CPU
		{77951FFE-38B4-48D9-A969-C64CD230E4A4}.Debug|Any CPU.ActiveCfg = Debug|Any CPU
		{77951FFE-38B4-48D9-A969-C64CD230E4A4}.Debug|Any CPU.Build.0 = Debug|Any CPU
		{77951FFE-38B4-48D9-A969-C64CD230E4A4}.Release|Any CPU.ActiveCfg = Release|Any CPU
		{77951FFE-38B4-48D9-A969-C64CD230E4A4}.Release|Any CPU.Build.0 = Release|Any CPU
		{AAF87A3D-31AA-4FAA-978F-A07E4293E372}.Debug|Any CPU.ActiveCfg = Debug|Any CPU
		{AAF87A3D-31AA-4FAA-978F-A07E4293E372}.Debug|Any CPU.Build.0 = Debug|Any CPU
		{AAF87A3D-31AA-4FAA-978F-A07E4293E372}.Release|Any CPU.ActiveCfg = Release|Any CPU
		{AAF87A3D-31AA-4FAA-978F-A07E4293E372}.Release|Any CPU.Build.0 = Release|Any CPU
		{11A192DF-D4D8-440D-B943-F988EB58AEEA}.Debug|Any CPU.ActiveCfg = Debug|Any CPU
		{11A192DF-D4D8-440D-B943-F988EB58AEEA}.Debug|Any CPU.Build.0 = Debug|Any CPU
		{11A192DF-D4D8-440D-B943-F988EB58AEEA}.Release|Any CPU.ActiveCfg = Release|Any CPU
		{11A192DF-D4D8-440D-B943-F988EB58AEEA}.Release|Any CPU.Build.0 = Release|Any CPU
	EndGlobalSection
	GlobalSection(SolutionProperties) = preSolution
		HideSolutionNode = FALSE
	EndGlobalSection
	GlobalSection(ExtensibilityGlobals) = postSolution
		SolutionGuid = {5394A829-1195-4F4F-B00E-7244321687EC}
	EndGlobalSection
EndGlobal
